
Microsoft Visual Studio Solution File, Format Version 12.00
# Visual Studio 15
VisualStudioVersion = 15.0.26430.14
MinimumVisualStudioVersion = 10.0.40219.1
Project("{FAE04EC0-301F-11D3-BF4B-00C04F79EFBC}") = "Nums1To20", "Nums1To20\Nums1To20.csproj", "{A9409A8D-777D-459E-97F7-F31CDCDBD14A}"
EndProject
Global
	GlobalSection(SolutionConfigurationPlatforms) = preSolution
		Debug|Any CPU = Debug|Any CPU
		Release|Any CPU = Release|Any CPU
	EndGlobalSection
	GlobalSection(ProjectConfigurationPlatforms) = postSolution
		{A9409A8D-777D-459E-97F7-F31CDCDBD14A}.Debug|Any CPU.ActiveCfg = Debug|Any CPU
		{A9409A8D-777D-459E-97F7-F31CDCDBD14A}.Debug|Any CPU.Build.0 = Debug|Any CPU
		{A9409A8D-777D-459E-97F7-F31CDCDBD14A}.Release|Any CPU.ActiveCfg = Release|Any CPU
		{A9409A8D-777D-459E-97F7-F31CDCDBD14A}.Release|Any CPU.Build.0 = Release|Any CPU
	EndGlobalSection
	GlobalSection(SolutionProperties) = preSolution
		HideSolutionNode = FALSE
	EndGlobalSection
EndGlobal
