
Microsoft Visual Studio Solution File, Format Version 12.00
# Visual Studio 15
VisualStudioVersion = 15.0.26430.14
MinimumVisualStudioVersion = 10.0.40219.1
Project("{FAE04EC0-301F-11D3-BF4B-00C04F79EFBC}") = "SumDigits", "SumDigits\SumDigits.csproj", "{F1F93225-D35C-4F9D-84CA-AA28D4165F02}"
EndProject
Global
	GlobalSection(SolutionConfigurationPlatforms) = preSolution
		Debug|Any CPU = Debug|Any CPU
		Release|Any CPU = Release|Any CPU
	EndGlobalSection
	GlobalSection(ProjectConfigurationPlatforms) = postSolution
		{F1F93225-D35C-4F9D-84CA-AA28D4165F02}.Debug|Any CPU.ActiveCfg = Debug|Any CPU
		{F1F93225-D35C-4F9D-84CA-AA28D4165F02}.Debug|Any CPU.Build.0 = Debug|Any CPU
		{F1F93225-D35C-4F9D-84CA-AA28D4165F02}.Release|Any CPU.ActiveCfg = Release|Any CPU
		{F1F93225-D35C-4F9D-84CA-AA28D4165F02}.Release|Any CPU.Build.0 = Release|Any CPU
	EndGlobalSection
	GlobalSection(SolutionProperties) = preSolution
		HideSolutionNode = FALSE
	EndGlobalSection
EndGlobal
