
Microsoft Visual Studio Solution File, Format Version 12.00
# Visual Studio 15
VisualStudioVersion = 15.0.26730.16
MinimumVisualStudioVersion = 10.0.40219.1
Project("{FAE04EC0-301F-11D3-BF4B-00C04F79EFBC}") = "ConcatenateData", "Concatenate Data\ConcatenateData.csproj", "{78725CD2-6BEB-4D71-A76E-7D0D2EA79726}"
EndProject
Global
	GlobalSection(SolutionConfigurationPlatforms) = preSolution
		Debug|Any CPU = Debug|Any CPU
		Release|Any CPU = Release|Any CPU
	EndGlobalSection
	GlobalSection(ProjectConfigurationPlatforms) = postSolution
		{78725CD2-6BEB-4D71-A76E-7D0D2EA79726}.Debug|Any CPU.ActiveCfg = Debug|Any CPU
		{78725CD2-6BEB-4D71-A76E-7D0D2EA79726}.Debug|Any CPU.Build.0 = Debug|Any CPU
		{78725CD2-6BEB-4D71-A76E-7D0D2EA79726}.Release|Any CPU.ActiveCfg = Release|Any CPU
		{78725CD2-6BEB-4D71-A76E-7D0D2EA79726}.Release|Any CPU.Build.0 = Release|Any CPU
	EndGlobalSection
	GlobalSection(SolutionProperties) = preSolution
		HideSolutionNode = FALSE
	EndGlobalSection
	GlobalSection(ExtensibilityGlobals) = postSolution
		SolutionGuid = {28A4B0C8-E2D8-406F-BA3B-1085FFF7DACA}
	EndGlobalSection
EndGlobal
