
Microsoft Visual Studio Solution File, Format Version 12.00
# Visual Studio 15
VisualStudioVersion = 15.0.26730.16
MinimumVisualStudioVersion = 10.0.40219.1
Project("{FAE04EC0-301F-11D3-BF4B-00C04F79EFBC}") = "TrapeziodArea", "TrapeziodArea\TrapeziodArea.csproj", "{1818E976-F5E7-4025-9EEF-8F20D92B253A}"
EndProject
Global
	GlobalSection(SolutionConfigurationPlatforms) = preSolution
		Debug|Any CPU = Debug|Any CPU
		Release|Any CPU = Release|Any CPU
	EndGlobalSection
	GlobalSection(ProjectConfigurationPlatforms) = postSolution
		{1818E976-F5E7-4025-9EEF-8F20D92B253A}.Debug|Any CPU.ActiveCfg = Debug|Any CPU
		{1818E976-F5E7-4025-9EEF-8F20D92B253A}.Debug|Any CPU.Build.0 = Debug|Any CPU
		{1818E976-F5E7-4025-9EEF-8F20D92B253A}.Release|Any CPU.ActiveCfg = Release|Any CPU
		{1818E976-F5E7-4025-9EEF-8F20D92B253A}.Release|Any CPU.Build.0 = Release|Any CPU
	EndGlobalSection
	GlobalSection(SolutionProperties) = preSolution
		HideSolutionNode = FALSE
	EndGlobalSection
	GlobalSection(ExtensibilityGlobals) = postSolution
		SolutionGuid = {C8CE66B4-5745-4A6D-B132-633C45D7EBE5}
	EndGlobalSection
EndGlobal
